
Microsoft Visual Studio Solution File, Format Version 12.00
# Visual Studio Version 17
VisualStudioVersion = 17.7.34202.233
MinimumVisualStudioVersion = 10.0.40219.1
Project("{FAE04EC0-301F-11D3-BF4B-00C04F79EFBC}") = "Server", "Server\Server.csproj", "{159D2C39-682E-49A8-867A-90BA5B0D5C35}"
EndProject
Project("{FAE04EC0-301F-11D3-BF4B-00C04F79EFBC}") = "Common", "Common\Common.csproj", "{5977149D-9B92-4E1E-96F7-5B558E205C8D}"
EndProject
Project("{FAE04EC0-301F-11D3-BF4B-00C04F79EFBC}") = "Client", "Client\Client.csproj", "{7D2555FF-05BD-406B-ADBC-F8521E56BAFE}"
EndProject
Project("{FAE04EC0-301F-11D3-BF4B-00C04F79EFBC}") = "DBBroker", "DBBroker\DBBroker.csproj", "{0FF5ED87-4ADB-4D54-877A-40C112F7703F}"
EndProject
Global
	GlobalSection(SolutionConfigurationPlatforms) = preSolution
		Debug|Any CPU = Debug|Any CPU
		Release|Any CPU = Release|Any CPU
	EndGlobalSection
	GlobalSection(ProjectConfigurationPlatforms) = postSolution
		{159D2C39-682E-49A8-867A-90BA5B0D5C35}.Debug|Any CPU.ActiveCfg = Debug|Any CPU
		{159D2C39-682E-49A8-867A-90BA5B0D5C35}.Debug|Any CPU.Build.0 = Debug|Any CPU
		{159D2C39-682E-49A8-867A-90BA5B0D5C35}.Release|Any CPU.ActiveCfg = Release|Any CPU
		{159D2C39-682E-49A8-867A-90BA5B0D5C35}.Release|Any CPU.Build.0 = Release|Any CPU
		{5977149D-9B92-4E1E-96F7-5B558E205C8D}.Debug|Any CPU.ActiveCfg = Debug|Any CPU
		{5977149D-9B92-4E1E-96F7-5B558E205C8D}.Debug|Any CPU.Build.0 = Debug|Any CPU
		{5977149D-9B92-4E1E-96F7-5B558E205C8D}.Release|Any CPU.ActiveCfg = Release|Any CPU
		{5977149D-9B92-4E1E-96F7-5B558E205C8D}.Release|Any CPU.Build.0 = Release|Any CPU
		{7D2555FF-05BD-406B-ADBC-F8521E56BAFE}.Debug|Any CPU.ActiveCfg = Debug|Any CPU
		{7D2555FF-05BD-406B-ADBC-F8521E56BAFE}.Debug|Any CPU.Build.0 = Debug|Any CPU
		{7D2555FF-05BD-406B-ADBC-F8521E56BAFE}.Release|Any CPU.ActiveCfg = Release|Any CPU
		{7D2555FF-05BD-406B-ADBC-F8521E56BAFE}.Release|Any CPU.Build.0 = Release|Any CPU
		{0FF5ED87-4ADB-4D54-877A-40C112F7703F}.Debug|Any CPU.ActiveCfg = Debug|Any CPU
		{0FF5ED87-4ADB-4D54-877A-40C112F7703F}.Debug|Any CPU.Build.0 = Debug|Any CPU
		{0FF5ED87-4ADB-4D54-877A-40C112F7703F}.Release|Any CPU.ActiveCfg = Release|Any CPU
		{0FF5ED87-4ADB-4D54-877A-40C112F7703F}.Release|Any CPU.Build.0 = Release|Any CPU
	EndGlobalSection
	GlobalSection(SolutionProperties) = preSolution
		HideSolutionNode = FALSE
	EndGlobalSection
	GlobalSection(ExtensibilityGlobals) = postSolution
		SolutionGuid = {DADDB676-DCE8-4502-AC66-3A0956EA05DC}
	EndGlobalSection
EndGlobal
